
Microsoft Visual Studio Solution File, Format Version 12.00
# Visual Studio 15
VisualStudioVersion = 15.0.27428.2011
MinimumVisualStudioVersion = 10.0.40219.1
Project("{FAE04EC0-301F-11D3-BF4B-00C04F79EFBC}") = "gRPCStreamServer", "gRPCStreamServer\gRPCStreamServer.csproj", "{6A8C97ED-631E-4831-B7FF-3EC143918E30}"
EndProject
Project("{FAE04EC0-301F-11D3-BF4B-00C04F79EFBC}") = "gRPCStreamClient", "gRPCStreamClient\gRPCStreamClient.csproj", "{26B2C081-34BC-4E43-A1A4-14BC1E2E75ED}"
EndProject
Global
	GlobalSection(SolutionConfigurationPlatforms) = preSolution
		Debug|Any CPU = Debug|Any CPU
		Release|Any CPU = Release|Any CPU
	EndGlobalSection
	GlobalSection(ProjectConfigurationPlatforms) = postSolution
		{6A8C97ED-631E-4831-B7FF-3EC143918E30}.Debug|Any CPU.ActiveCfg = Debug|Any CPU
		{6A8C97ED-631E-4831-B7FF-3EC143918E30}.Debug|Any CPU.Build.0 = Debug|Any CPU
		{6A8C97ED-631E-4831-B7FF-3EC143918E30}.Release|Any CPU.ActiveCfg = Release|Any CPU
		{6A8C97ED-631E-4831-B7FF-3EC143918E30}.Release|Any CPU.Build.0 = Release|Any CPU
		{26B2C081-34BC-4E43-A1A4-14BC1E2E75ED}.Debug|Any CPU.ActiveCfg = Debug|Any CPU
		{26B2C081-34BC-4E43-A1A4-14BC1E2E75ED}.Debug|Any CPU.Build.0 = Debug|Any CPU
		{26B2C081-34BC-4E43-A1A4-14BC1E2E75ED}.Release|Any CPU.ActiveCfg = Release|Any CPU
		{26B2C081-34BC-4E43-A1A4-14BC1E2E75ED}.Release|Any CPU.Build.0 = Release|Any CPU
	EndGlobalSection
	GlobalSection(SolutionProperties) = preSolution
		HideSolutionNode = FALSE
	EndGlobalSection
	GlobalSection(ExtensibilityGlobals) = postSolution
		SolutionGuid = {560FB8A9-B8F9-4271-9996-F036EE87CAD7}
	EndGlobalSection
EndGlobal
